
Microsoft Visual Studio Solution File, Format Version 12.00
# Visual Studio 15
VisualStudioVersion = 15.0.28307.572
MinimumVisualStudioVersion = 10.0.40219.1
Project("{FAE04EC0-301F-11D3-BF4B-00C04F79EFBC}") = "VipNetExtract", "VipNetExtract2\VipNetExtract.csproj", "{201ACA67-E71C-4058-96A5-F8717C484C01}"
EndProject
Global
	GlobalSection(SolutionConfigurationPlatforms) = preSolution
		Debug|Any CPU = Debug|Any CPU
		Release|Any CPU = Release|Any CPU
	EndGlobalSection
	GlobalSection(ProjectConfigurationPlatforms) = postSolution
		{201ACA67-E71C-4058-96A5-F8717C484C01}.Debug|Any CPU.ActiveCfg = Debug|Any CPU
		{201ACA67-E71C-4058-96A5-F8717C484C01}.Debug|Any CPU.Build.0 = Debug|Any CPU
		{201ACA67-E71C-4058-96A5-F8717C484C01}.Release|Any CPU.ActiveCfg = Release|Any CPU
		{201ACA67-E71C-4058-96A5-F8717C484C01}.Release|Any CPU.Build.0 = Release|Any CPU
	EndGlobalSection
	GlobalSection(SolutionProperties) = preSolution
		HideSolutionNode = FALSE
	EndGlobalSection
	GlobalSection(ExtensibilityGlobals) = postSolution
		SolutionGuid = {072DCD9B-6565-4D97-B502-D4381A85AC1A}
	EndGlobalSection
EndGlobal
